
Microsoft Visual Studio Solution File, Format Version 12.00
# Visual Studio Version 17
VisualStudioVersion = 17.2.32616.157
MinimumVisualStudioVersion = 10.0.40219.1
Project("{FAE04EC0-301F-11D3-BF4B-00C04F79EFBC}") = "PracticeLinq", "PracticeLinq\PracticeLinq.csproj", "{81388850-E57B-4509-BC47-391CF164C647}"
EndProject
Global
	GlobalSection(SolutionConfigurationPlatforms) = preSolution
		Debug|Any CPU = Debug|Any CPU
		Release|Any CPU = Release|Any CPU
	EndGlobalSection
	GlobalSection(ProjectConfigurationPlatforms) = postSolution
		{81388850-E57B-4509-BC47-391CF164C647}.Debug|Any CPU.ActiveCfg = Debug|Any CPU
		{81388850-E57B-4509-BC47-391CF164C647}.Debug|Any CPU.Build.0 = Debug|Any CPU
		{81388850-E57B-4509-BC47-391CF164C647}.Release|Any CPU.ActiveCfg = Release|Any CPU
		{81388850-E57B-4509-BC47-391CF164C647}.Release|Any CPU.Build.0 = Release|Any CPU
	EndGlobalSection
	GlobalSection(SolutionProperties) = preSolution
		HideSolutionNode = FALSE
	EndGlobalSection
	GlobalSection(ExtensibilityGlobals) = postSolution
		SolutionGuid = {B0215386-F6F6-4A92-8B2A-0C4509E42D4D}
	EndGlobalSection
EndGlobal
